// !$*UTF8*$!
{
	archiveVersion = 1;
	classes = {
	};
	objectVersion = 77;
	objects = {

/* Begin PBXBuildFile section */
		30C908852D5BBD500090A7CE /* CodeScanner in Frameworks */ = {isa = PBXBuildFile; productRef = 30C908842D5BBD500090A7CE /* CodeScanner */; };
/* End PBXBuildFile section */

/* Begin PBXContainerItemProxy section */
		3012D6252D4DE51B00FB0D91 /* PBXContainerItemProxy */ = {
			isa = PBXContainerItemProxy;
			containerPortal = 3012D60C2D4DE51900FB0D91 /* Project object */;
			proxyType = 1;
			remoteGlobalIDString = 3012D6132D4DE51900FB0D91;
			remoteInfo = "Kink list";
		};
		3012D62F2D4DE51B00FB0D91 /* PBXContainerItemProxy */ = {
			isa = PBXContainerItemProxy;
			containerPortal = 3012D60C2D4DE51900FB0D91 /* Project object */;
			proxyType = 1;
			remoteGlobalIDString = 3012D6132D4DE51900FB0D91;
			remoteInfo = "Kink list";
		};
/* End PBXContainerItemProxy section */

/* Begin PBXFileReference section */
		3012D6142D4DE51900FB0D91 /* Kink list.app */ = {isa = PBXFileReference; explicitFileType = wrapper.application; includeInIndex = 0; path = "Kink list.app"; sourceTree = BUILT_PRODUCTS_DIR; };
		3012D6242D4DE51B00FB0D91 /* Kink listTests.xctest */ = {isa = PBXFileReference; explicitFileType = wrapper.cfbundle; includeInIndex = 0; path = "Kink listTests.xctest"; sourceTree = BUILT_PRODUCTS_DIR; };
		3012D62E2D4DE51B00FB0D91 /* Kink listUITests.xctest */ = {isa = PBXFileReference; explicitFileType = wrapper.cfbundle; includeInIndex = 0; path = "Kink listUITests.xctest"; sourceTree = BUILT_PRODUCTS_DIR; };
/* End PBXFileReference section */

/* Begin PBXFileSystemSynchronizedRootGroup section */
		3012D6162D4DE51900FB0D91 /* Kink list */ = {
			isa = PBXFileSystemSynchronizedRootGroup;
			path = "Kink list";
			sourceTree = "<group>";
		};
		3012D6272D4DE51B00FB0D91 /* Kink listTests */ = {
			isa = PBXFileSystemSynchronizedRootGroup;
			path = "Kink listTests";
			sourceTree = "<group>";
		};
		3012D6312D4DE51B00FB0D91 /* Kink listUITests */ = {
			isa = PBXFileSystemSynchronizedRootGroup;
			path = "Kink listUITests";
			sourceTree = "<group>";
		};
/* End PBXFileSystemSynchronizedRootGroup section */

/* Begin PBXFrameworksBuildPhase section */
		3012D6112D4DE51900FB0D91 /* Frameworks */ = {
			isa = PBXFrameworksBuildPhase;
			buildActionMask = 2147483647;
			files = (
				30C908852D5BBD500090A7CE /* CodeScanner in Frameworks */,
			);
			runOnlyForDeploymentPostprocessing = 0;
		};
		3012D6212D4DE51B00FB0D91 /* Frameworks */ = {
			isa = PBXFrameworksBuildPhase;
			buildActionMask = 2147483647;
			files = (
			);
			runOnlyForDeploymentPostprocessing = 0;
		};
		3012D62B2D4DE51B00FB0D91 /* Frameworks */ = {
			isa = PBXFrameworksBuildPhase;
			buildActionMask = 2147483647;
			files = (
			);
			runOnlyForDeploymentPostprocessing = 0;
		};
/* End PBXFrameworksBuildPhase section */

/* Begin PBXGroup section */
		3012D60B2D4DE51900FB0D91 = {
			isa = PBXGroup;
			children = (
				3012D6162D4DE51900FB0D91 /* Kink list */,
				3012D6272D4DE51B00FB0D91 /* Kink listTests */,
				3012D6312D4DE51B00FB0D91 /* Kink listUITests */,
				3012D6152D4DE51900FB0D91 /* Products */,
			);
			sourceTree = "<group>";
		};
		3012D6152D4DE51900FB0D91 /* Products */ = {
			isa = PBXGroup;
			children = (
				3012D6142D4DE51900FB0D91 /* Kink list.app */,
				3012D6242D4DE51B00FB0D91 /* Kink listTests.xctest */,
				3012D62E2D4DE51B00FB0D91 /* Kink listUITests.xctest */,
			);
			name = Products;
			sourceTree = "<group>";
		};
/* End PBXGroup section */

/* Begin PBXNativeTarget section */
		3012D6132D4DE51900FB0D91 /* Kink list */ = {
			isa = PBXNativeTarget;
			buildConfigurationList = 3012D6382D4DE51B00FB0D91 /* Build configuration list for PBXNativeTarget "Kink list" */;
			buildPhases = (
				3012D6102D4DE51900FB0D91 /* Sources */,
				3012D6112D4DE51900FB0D91 /* Frameworks */,
				3012D6122D4DE51900FB0D91 /* Resources */,
			);
			buildRules = (
			);
			dependencies = (
			);
			fileSystemSynchronizedGroups = (
				3012D6162D4DE51900FB0D91 /* Kink list */,
			);
			name = "Kink list";
			packageProductDependencies = (
				30C908842D5BBD500090A7CE /* CodeScanner */,
			);
			productName = "Kink list";
			productReference = 3012D6142D4DE51900FB0D91 /* Kink list.app */;
			productType = "com.apple.product-type.application";
		};
		3012D6232D4DE51B00FB0D91 /* Kink listTests */ = {
			isa = PBXNativeTarget;
			buildConfigurationList = 3012D63B2D4DE51B00FB0D91 /* Build configuration list for PBXNativeTarget "Kink listTests" */;
			buildPhases = (
				3012D6202D4DE51B00FB0D91 /* Sources */,
				3012D6212D4DE51B00FB0D91 /* Frameworks */,
				3012D6222D4DE51B00FB0D91 /* Resources */,
			);
			buildRules = (
			);
			dependencies = (
				3012D6262D4DE51B00FB0D91 /* PBXTargetDependency */,
			);
			fileSystemSynchronizedGroups = (
				3012D6272D4DE51B00FB0D91 /* Kink listTests */,
			);
			name = "Kink listTests";
			packageProductDependencies = (
			);
			productName = "Kink listTests";
			productReference = 3012D6242D4DE51B00FB0D91 /* Kink listTests.xctest */;
			productType = "com.apple.product-type.bundle.unit-test";
		};
		3012D62D2D4DE51B00FB0D91 /* Kink listUITests */ = {
			isa = PBXNativeTarget;
			buildConfigurationList = 3012D63E2D4DE51B00FB0D91 /* Build configuration list for PBXNativeTarget "Kink listUITests" */;
			buildPhases = (
				3012D62A2D4DE51B00FB0D91 /* Sources */,
				3012D62B2D4DE51B00FB0D91 /* Frameworks */,
				3012D62C2D4DE51B00FB0D91 /* Resources */,
			);
			buildRules = (
			);
			dependencies = (
				3012D6302D4DE51B00FB0D91 /* PBXTargetDependency */,
			);
			fileSystemSynchronizedGroups = (
				3012D6312D4DE51B00FB0D91 /* Kink listUITests */,
			);
			name = "Kink listUITests";
			packageProductDependencies = (
			);
			productName = "Kink listUITests";
			productReference = 3012D62E2D4DE51B00FB0D91 /* Kink listUITests.xctest */;
			productType = "com.apple.product-type.bundle.ui-testing";
		};
/* End PBXNativeTarget section */

/* Begin PBXProject section */
		3012D60C2D4DE51900FB0D91 /* Project object */ = {
			isa = PBXProject;
			attributes = {
				BuildIndependentTargetsInParallel = 1;
				LastSwiftUpdateCheck = 1620;
				LastUpgradeCheck = 1620;
				TargetAttributes = {
					3012D6132D4DE51900FB0D91 = {
						CreatedOnToolsVersion = 16.2;
					};
					3012D6232D4DE51B00FB0D91 = {
						CreatedOnToolsVersion = 16.2;
						TestTargetID = 3012D6132D4DE51900FB0D91;
					};
					3012D62D2D4DE51B00FB0D91 = {
						CreatedOnToolsVersion = 16.2;
						TestTargetID = 3012D6132D4DE51900FB0D91;
					};
				};
			};
			buildConfigurationList = 3012D60F2D4DE51900FB0D91 /* Build configuration list for PBXProject "Kink list" */;
			developmentRegion = en;
			hasScannedForEncodings = 0;
			knownRegions = (
				en,
				Base,
			);
			mainGroup = 3012D60B2D4DE51900FB0D91;
			minimizedProjectReferenceProxies = 1;
			packageReferences = (
				30A559862D5BBBBC009951B6 /* XCRemoteSwiftPackageReference "CodeScanner" */,
			);
			preferredProjectObjectVersion = 77;
			productRefGroup = 3012D6152D4DE51900FB0D91 /* Products */;
			projectDirPath = "";
			projectRoot = "";
			targets = (
				3012D6132D4DE51900FB0D91 /* Kink list */,
				3012D6232D4DE51B00FB0D91 /* Kink listTests */,
				3012D62D2D4DE51B00FB0D91 /* Kink listUITests */,
			);
		};
/* End PBXProject section */

/* Begin PBXResourcesBuildPhase section */
		3012D6122D4DE51900FB0D91 /* Resources */ = {
			isa = PBXResourcesBuildPhase;
			buildActionMask = 2147483647;
			files = (
			);
			runOnlyForDeploymentPostprocessing = 0;
		};
		3012D6222D4DE51B00FB0D91 /* Resources */ = {
			isa = PBXResourcesBuildPhase;
			buildActionMask = 2147483647;
			files = (
			);
			runOnlyForDeploymentPostprocessing = 0;
		};
		3012D62C2D4DE51B00FB0D91 /* Resources */ = {
			isa = PBXResourcesBuildPhase;
			buildActionMask = 2147483647;
			files = (
			);
			runOnlyForDeploymentPostprocessing = 0;
		};
/* End PBXResourcesBuildPhase section */

/* Begin PBXSourcesBuildPhase section */
		3012D6102D4DE51900FB0D91 /* Sources */ = {
			isa = PBXSourcesBuildPhase;
			buildActionMask = 2147483647;
			files = (
			);
			runOnlyForDeploymentPostprocessing = 0;
		};
		3012D6202D4DE51B00FB0D91 /* Sources */ = {
			isa = PBXSourcesBuildPhase;
			buildActionMask = 2147483647;
			files = (
			);
			runOnlyForDeploymentPostprocessing = 0;
		};
		3012D62A2D4DE51B00FB0D91 /* Sources */ = {
			isa = PBXSourcesBuildPhase;
			buildActionMask = 2147483647;
			files = (
			);
			runOnlyForDeploymentPostprocessing = 0;
		};
/* End PBXSourcesBuildPhase section */

/* Begin PBXTargetDependency section */
		3012D6262D4DE51B00FB0D91 /* PBXTargetDependency */ = {
			isa = PBXTargetDependency;
			target = 3012D6132D4DE51900FB0D91 /* Kink list */;
			targetProxy = 3012D6252D4DE51B00FB0D91 /* PBXContainerItemProxy */;
		};
		3012D6302D4DE51B00FB0D91 /* PBXTargetDependency */ = {
			isa = PBXTargetDependency;
			target = 3012D6132D4DE51900FB0D91 /* Kink list */;
			targetProxy = 3012D62F2D4DE51B00FB0D91 /* PBXContainerItemProxy */;
		};
/* End PBXTargetDependency section */

/* Begin XCBuildConfiguration section */
		3012D6362D4DE51B00FB0D91 /* Debug */ = {
			isa = XCBuildConfiguration;
			buildSettings = {
				ALWAYS_SEARCH_USER_PATHS = NO;
				ASSETCATALOG_COMPILER_GENERATE_SWIFT_ASSET_SYMBOL_EXTENSIONS = YES;
				CLANG_ANALYZER_NONNULL = YES;
				CLANG_ANALYZER_NUMBER_OBJECT_CONVERSION = YES_AGGRESSIVE;
				CLANG_CXX_LANGUAGE_STANDARD = "gnu++20";
				CLANG_ENABLE_MODULES = YES;
				CLANG_ENABLE_OBJC_ARC = YES;
				CLANG_ENABLE_OBJC_WEAK = YES;
				CLANG_WARN_BLOCK_CAPTURE_AUTORELEASING = YES;
				CLANG_WARN_BOOL_CONVERSION = YES;
				CLANG_WARN_COMMA = YES;
				CLANG_WARN_CONSTANT_CONVERSION = YES;
				CLANG_WARN_DEPRECATED_OBJC_IMPLEMENTATIONS = YES;
				CLANG_WARN_DIRECT_OBJC_ISA_USAGE = YES_ERROR;
				CLANG_WARN_DOCUMENTATION_COMMENTS = YES;
				CLANG_WARN_EMPTY_BODY = YES;
				CLANG_WARN_ENUM_CONVERSION = YES;
				CLANG_WARN_INFINITE_RECURSION = YES;
				CLANG_WARN_INT_CONVERSION = YES;
				CLANG_WARN_NON_LITERAL_NULL_CONVERSION = YES;
				CLANG_WARN_OBJC_IMPLICIT_RETAIN_SELF = YES;
				CLANG_WARN_OBJC_LITERAL_CONVERSION = YES;
				CLANG_WARN_OBJC_ROOT_CLASS = YES_ERROR;
				CLANG_WARN_QUOTED_INCLUDE_IN_FRAMEWORK_HEADER = YES;
				CLANG_WARN_RANGE_LOOP_ANALYSIS = YES;
				CLANG_WARN_STRICT_PROTOTYPES = YES;
				CLANG_WARN_SUSPICIOUS_MOVE = YES;
				CLANG_WARN_UNGUARDED_AVAILABILITY = YES_AGGRESSIVE;
				CLANG_WARN_UNREACHABLE_CODE = YES;
				CLANG_WARN__DUPLICATE_METHOD_MATCH = YES;
				COPY_PHASE_STRIP = NO;
				DEBUG_INFORMATION_FORMAT = dwarf;
				ENABLE_STRICT_OBJC_MSGSEND = YES;
				ENABLE_TESTABILITY = YES;
				ENABLE_USER_SCRIPT_SANDBOXING = YES;
				GCC_C_LANGUAGE_STANDARD = gnu17;
				GCC_DYNAMIC_NO_PIC = NO;
				GCC_NO_COMMON_BLOCKS = YES;
				GCC_OPTIMIZATION_LEVEL = 0;
				GCC_PREPROCESSOR_DEFINITIONS = (
					"DEBUG=1",
					"$(inherited)",
				);
				GCC_WARN_64_TO_32_BIT_CONVERSION = YES;
				GCC_WARN_ABOUT_RETURN_TYPE = YES_ERROR;
				GCC_WARN_UNDECLARED_SELECTOR = YES;
				GCC_WARN_UNINITIALIZED_AUTOS = YES_AGGRESSIVE;
				GCC_WARN_UNUSED_FUNCTION = YES;
				GCC_WARN_UNUSED_VARIABLE = YES;
				IPHONEOS_DEPLOYMENT_TARGET = 16.6;
				LOCALIZATION_PREFERS_STRING_CATALOGS = YES;
				MTL_ENABLE_DEBUG_INFO = INCLUDE_SOURCE;
				MTL_FAST_MATH = YES;
				ONLY_ACTIVE_ARCH = YES;
				SDKROOT = iphoneos;
				SWIFT_ACTIVE_COMPILATION_CONDITIONS = "DEBUG $(inherited)";
				SWIFT_OPTIMIZATION_LEVEL = "-Onone";
			};
			name = Debug;
		};
		3012D6372D4DE51B00FB0D91 /* Release */ = {
			isa = XCBuildConfiguration;
			buildSettings = {
				ALWAYS_SEARCH_USER_PATHS = NO;
				ASSETCATALOG_COMPILER_GENERATE_SWIFT_ASSET_SYMBOL_EXTENSIONS = YES;
				CLANG_ANALYZER_NONNULL = YES;
				CLANG_ANALYZER_NUMBER_OBJECT_CONVERSION = YES_AGGRESSIVE;
				CLANG_CXX_LANGUAGE_STANDARD = "gnu++20";
				CLANG_ENABLE_MODULES = YES;
				CLANG_ENABLE_OBJC_ARC = YES;
				CLANG_ENABLE_OBJC_WEAK = YES;
				CLANG_WARN_BLOCK_CAPTURE_AUTORELEASING = YES;
				CLANG_WARN_BOOL_CONVERSION = YES;
				CLANG_WARN_COMMA = YES;
				CLANG_WARN_CONSTANT_CONVERSION = YES;
				CLANG_WARN_DEPRECATED_OBJC_IMPLEMENTATIONS = YES;
				CLANG_WARN_DIRECT_OBJC_ISA_USAGE = YES_ERROR;
				CLANG_WARN_DOCUMENTATION_COMMENTS = YES;
				CLANG_WARN_EMPTY_BODY = YES;
				CLANG_WARN_ENUM_CONVERSION = YES;
				CLANG_WARN_INFINITE_RECURSION = YES;
				CLANG_WARN_INT_CONVERSION = YES;
				CLANG_WARN_NON_LITERAL_NULL_CONVERSION = YES;
				CLANG_WARN_OBJC_IMPLICIT_RETAIN_SELF = YES;
				CLANG_WARN_OBJC_LITERAL_CONVERSION = YES;
				CLANG_WARN_OBJC_ROOT_CLASS = YES_ERROR;
				CLANG_WARN_QUOTED_INCLUDE_IN_FRAMEWORK_HEADER = YES;
				CLANG_WARN_RANGE_LOOP_ANALYSIS = YES;
				CLANG_WARN_STRICT_PROTOTYPES = YES;
				CLANG_WARN_SUSPICIOUS_MOVE = YES;
				CLANG_WARN_UNGUARDED_AVAILABILITY = YES_AGGRESSIVE;
				CLANG_WARN_UNREACHABLE_CODE = YES;
				CLANG_WARN__DUPLICATE_METHOD_MATCH = YES;
				COPY_PHASE_STRIP = NO;
				DEBUG_INFORMATION_FORMAT = "dwarf-with-dsym";
				ENABLE_NS_ASSERTIONS = NO;
				ENABLE_STRICT_OBJC_MSGSEND = YES;
				ENABLE_USER_SCRIPT_SANDBOXING = YES;
				GCC_C_LANGUAGE_STANDARD = gnu17;
				GCC_NO_COMMON_BLOCKS = YES;
				GCC_WARN_64_TO_32_BIT_CONVERSION = YES;
				GCC_WARN_ABOUT_RETURN_TYPE = YES_ERROR;
				GCC_WARN_UNDECLARED_SELECTOR = YES;
				GCC_WARN_UNINITIALIZED_AUTOS = YES_AGGRESSIVE;
				GCC_WARN_UNUSED_FUNCTION = YES;
				GCC_WARN_UNUSED_VARIABLE = YES;
				IPHONEOS_DEPLOYMENT_TARGET = 16.6;
				LOCALIZATION_PREFERS_STRING_CATALOGS = YES;
				MTL_ENABLE_DEBUG_INFO = NO;
				MTL_FAST_MATH = YES;
				SDKROOT = iphoneos;
				SWIFT_COMPILATION_MODE = wholemodule;
				VALIDATE_PRODUCT = YES;
			};
			name = Release;
		};
		3012D6392D4DE51B00FB0D91 /* Debug */ = {
			isa = XCBuildConfiguration;
			buildSettings = {
				ASSETCATALOG_COMPILER_APPICON_NAME = AppIcon;
				ASSETCATALOG_COMPILER_GLOBAL_ACCENT_COLOR_NAME = AccentColor;
				CODE_SIGN_STYLE = Automatic;
				CURRENT_PROJECT_VERSION = 1;
				DEVELOPMENT_ASSET_PATHS = "\"Kink list/Preview Content\"";
				DEVELOPMENT_TEAM = VM8953C36F;
				ENABLE_PREVIEWS = YES;
				GENERATE_INFOPLIST_FILE = YES;
				INFOPLIST_FILE = "Kink list/Kink-list-Info.plist";
				INFOPLIST_KEY_CFBundleDisplayName = "Wink Kard";
				INFOPLIST_KEY_LSApplicationCategoryType = "public.app-category.lifestyle";
				INFOPLIST_KEY_NSCameraUsageDescription = "This app uses the camera to scan anothers QR code to compare Kinks";
				INFOPLIST_KEY_UIApplicationSceneManifest_Generation = YES;
				INFOPLIST_KEY_UIApplicationSupportsIndirectInputEvents = YES;
				INFOPLIST_KEY_UILaunchScreen_Generation = YES;
				INFOPLIST_KEY_UISupportedInterfaceOrientations_iPad = "UIInterfaceOrientationPortrait UIInterfaceOrientationPortraitUpsideDown UIInterfaceOrientationLandscapeLeft UIInterfaceOrientationLandscapeRight";
				INFOPLIST_KEY_UISupportedInterfaceOrientations_iPhone = "UIInterfaceOrientationPortrait UIInterfaceOrientationLandscapeLeft UIInterfaceOrientationLandscapeRight";
				IPHONEOS_DEPLOYMENT_TARGET = 16.6;
				LD_RUNPATH_SEARCH_PATHS = (
					"$(inherited)",
					"@executable_path/Frameworks",
				);
				MARKETING_VERSION = 1.0;
				PRODUCT_BUNDLE_IDENTIFIER = "com.lab142..Kink-list";
				PRODUCT_NAME = "$(TARGET_NAME)";
				SUPPORTED_PLATFORMS = "iphoneos iphonesimulator";
				SUPPORTS_MACCATALYST = NO;
				SUPPORTS_MAC_DESIGNED_FOR_IPHONE_IPAD = NO;
				SUPPORTS_XR_DESIGNED_FOR_IPHONE_IPAD = NO;
				SWIFT_EMIT_LOC_STRINGS = YES;
				SWIFT_VERSION = 5.0;
				TARGETED_DEVICE_FAMILY = 1;
			};
			name = Debug;
		};
		3012D63A2D4DE51B00FB0D91 /* Release */ = {
			isa = XCBuildConfiguration;
			buildSettings = {
				ASSETCATALOG_COMPILER_APPICON_NAME = AppIcon;
				ASSETCATALOG_COMPILER_GLOBAL_ACCENT_COLOR_NAME = AccentColor;
				CODE_SIGN_STYLE = Automatic;
				CURRENT_PROJECT_VERSION = 1;
				DEVELOPMENT_ASSET_PATHS = "\"Kink list/Preview Content\"";
				DEVELOPMENT_TEAM = VM8953C36F;
				ENABLE_PREVIEWS = YES;
				GENERATE_INFOPLIST_FILE = YES;
				INFOPLIST_FILE = "Kink list/Kink-list-Info.plist";
				INFOPLIST_KEY_CFBundleDisplayName = "Wink Kard";
				INFOPLIST_KEY_LSApplicationCategoryType = "public.app-category.lifestyle";
				INFOPLIST_KEY_NSCameraUsageDescription = "This app uses the camera to scan anothers QR code to compare Kinks";
				INFOPLIST_KEY_UIApplicationSceneManifest_Generation = YES;
				INFOPLIST_KEY_UIApplicationSupportsIndirectInputEvents = YES;
				INFOPLIST_KEY_UILaunchScreen_Generation = YES;
				INFOPLIST_KEY_UISupportedInterfaceOrientations_iPad = "UIInterfaceOrientationPortrait UIInterfaceOrientationPortraitUpsideDown UIInterfaceOrientationLandscapeLeft UIInterfaceOrientationLandscapeRight";
				INFOPLIST_KEY_UISupportedInterfaceOrientations_iPhone = "UIInterfaceOrientationPortrait UIInterfaceOrientationLandscapeLeft UIInterfaceOrientationLandscapeRight";
				IPHONEOS_DEPLOYMENT_TARGET = 16.6;
				LD_RUNPATH_SEARCH_PATHS = (
					"$(inherited)",
					"@executable_path/Frameworks",
				);
				MARKETING_VERSION = 8.5;
				PRODUCT_BUNDLE_IDENTIFIER = "com.lab142..Kink-list";
				PRODUCT_NAME = "$(TARGET_NAME)";
				SUPPORTED_PLATFORMS = "iphoneos iphonesimulator";
				SUPPORTS_MACCATALYST = NO;
				SUPPORTS_MAC_DESIGNED_FOR_IPHONE_IPAD = NO;
				SUPPORTS_XR_DESIGNED_FOR_IPHONE_IPAD = NO;
				SWIFT_EMIT_LOC_STRINGS = YES;
				SWIFT_VERSION = 5.0;
				TARGETED_DEVICE_FAMILY = 1;
			};
			name = Release;
		};
		3012D63C2D4DE51B00FB0D91 /* Debug */ = {
			isa = XCBuildConfiguration;
			buildSettings = {
				BUNDLE_LOADER = "$(TEST_HOST)";
				CODE_SIGN_STYLE = Automatic;
				CURRENT_PROJECT_VERSION = 1;
				DEVELOPMENT_TEAM = VM8953C36F;
				GENERATE_INFOPLIST_FILE = YES;
				IPHONEOS_DEPLOYMENT_TARGET = 18.2;
				MARKETING_VERSION = 1.0;
				PRODUCT_BUNDLE_IDENTIFIER = "com.lab142..Kink-listTests";
				PRODUCT_NAME = "$(TARGET_NAME)";
				SWIFT_EMIT_LOC_STRINGS = NO;
				SWIFT_VERSION = 5.0;
				TARGETED_DEVICE_FAMILY = "1,2";
				TEST_HOST = "$(BUILT_PRODUCTS_DIR)/Kink list.app/$(BUNDLE_EXECUTABLE_FOLDER_PATH)/Kink list";
			};
			name = Debug;
		};
		3012D63D2D4DE51B00FB0D91 /* Release */ = {
			isa = XCBuildConfiguration;
			buildSettings = {
				BUNDLE_LOADER = "$(TEST_HOST)";
				CODE_SIGN_STYLE = Automatic;
				CURRENT_PROJECT_VERSION = 1;
				DEVELOPMENT_TEAM = VM8953C36F;
				GENERATE_INFOPLIST_FILE = YES;
				IPHONEOS_DEPLOYMENT_TARGET = 18.2;
				MARKETING_VERSION = 1.0;
				PRODUCT_BUNDLE_IDENTIFIER = "com.lab142..Kink-listTests";
				PRODUCT_NAME = "$(TARGET_NAME)";
				SWIFT_EMIT_LOC_STRINGS = NO;
				SWIFT_VERSION = 5.0;
				TARGETED_DEVICE_FAMILY = "1,2";
				TEST_HOST = "$(BUILT_PRODUCTS_DIR)/Kink list.app/$(BUNDLE_EXECUTABLE_FOLDER_PATH)/Kink list";
			};
			name = Release;
		};
		3012D63F2D4DE51B00FB0D91 /* Debug */ = {
			isa = XCBuildConfiguration;
			buildSettings = {
				CODE_SIGN_STYLE = Automatic;
				CURRENT_PROJECT_VERSION = 1;
				DEVELOPMENT_TEAM = VM8953C36F;
				GENERATE_INFOPLIST_FILE = YES;
				MARKETING_VERSION = 1.0;
				PRODUCT_BUNDLE_IDENTIFIER = "com.lab142..Kink-listUITests";
				PRODUCT_NAME = "$(TARGET_NAME)";
				SWIFT_EMIT_LOC_STRINGS = NO;
				SWIFT_VERSION = 5.0;
				TARGETED_DEVICE_FAMILY = "1,2";
				TEST_TARGET_NAME = "Kink list";
			};
			name = Debug;
		};
		3012D6402D4DE51B00FB0D91 /* Release */ = {
			isa = XCBuildConfiguration;
			buildSettings = {
				CODE_SIGN_STYLE = Automatic;
				CURRENT_PROJECT_VERSION = 1;
				DEVELOPMENT_TEAM = VM8953C36F;
				GENERATE_INFOPLIST_FILE = YES;
				MARKETING_VERSION = 1.0;
				PRODUCT_BUNDLE_IDENTIFIER = "com.lab142..Kink-listUITests";
				PRODUCT_NAME = "$(TARGET_NAME)";
				SWIFT_EMIT_LOC_STRINGS = NO;
				SWIFT_VERSION = 5.0;
				TARGETED_DEVICE_FAMILY = "1,2";
				TEST_TARGET_NAME = "Kink list";
			};
			name = Release;
		};
/* End XCBuildConfiguration section */

/* Begin XCConfigurationList section */
		3012D60F2D4DE51900FB0D91 /* Build configuration list for PBXProject "Kink list" */ = {
			isa = XCConfigurationList;
			buildConfigurations = (
				3012D6362D4DE51B00FB0D91 /* Debug */,
				3012D6372D4DE51B00FB0D91 /* Release */,
			);
			defaultConfigurationIsVisible = 0;
			defaultConfigurationName = Release;
		};
		3012D6382D4DE51B00FB0D91 /* Build configuration list for PBXNativeTarget "Kink list" */ = {
			isa = XCConfigurationList;
			buildConfigurations = (
				3012D6392D4DE51B00FB0D91 /* Debug */,
				3012D63A2D4DE51B00FB0D91 /* Release */,
			);
			defaultConfigurationIsVisible = 0;
			defaultConfigurationName = Release;
		};
		3012D63B2D4DE51B00FB0D91 /* Build configuration list for PBXNativeTarget "Kink listTests" */ = {
			isa = XCConfigurationList;
			buildConfigurations = (
				3012D63C2D4DE51B00FB0D91 /* Debug */,
				3012D63D2D4DE51B00FB0D91 /* Release */,
			);
			defaultConfigurationIsVisible = 0;
			defaultConfigurationName = Release;
		};
		3012D63E2D4DE51B00FB0D91 /* Build configuration list for PBXNativeTarget "Kink listUITests" */ = {
			isa = XCConfigurationList;
			buildConfigurations = (
				3012D63F2D4DE51B00FB0D91 /* Debug */,
				3012D6402D4DE51B00FB0D91 /* Release */,
			);
			defaultConfigurationIsVisible = 0;
			defaultConfigurationName = Release;
		};
/* End XCConfigurationList section */

/* Begin XCRemoteSwiftPackageReference section */
		30A559862D5BBBBC009951B6 /* XCRemoteSwiftPackageReference "CodeScanner" */ = {
			isa = XCRemoteSwiftPackageReference;
			repositoryURL = "https://github.com/twostraws/CodeScanner";
			requirement = {
				kind = upToNextMajorVersion;
				minimumVersion = 2.5.2;
			};
		};
/* End XCRemoteSwiftPackageReference section */

/* Begin XCSwiftPackageProductDependency section */
		30C908842D5BBD500090A7CE /* CodeScanner */ = {
			isa = XCSwiftPackageProductDependency;
			package = 30A559862D5BBBBC009951B6 /* XCRemoteSwiftPackageReference "CodeScanner" */;
			productName = CodeScanner;
		};
/* End XCSwiftPackageProductDependency section */
	};
	rootObject = 3012D60C2D4DE51900FB0D91 /* Project object */;
}
